{
  "name": "language-abnf",
  "version": "0.0.1",
  "lockfileVersion": 1,
  "requires": true,
  "dependencies": {
    "nan": {
      "version": "2.12.1",
      "resolved": "https://registry.npmjs.org/nan/-/nan-2.12.1.tgz",
      "integrity": "sha512-JY7V6lRkStKcKTvHO5NVSQRv+RV+FIL5pvDoLiAtSL9pKlC5x9PKQcZDsq7m4FO4d57mkhC6Z+QhAh3Jdk5JFw=="
    },
    "tree-sitter-abnf": {
      "version": "0.0.3",
      "resolved": "https://registry.npmjs.org/tree-sitter-abnf/-/tree-sitter-abnf-0.0.3.tgz",
      "integrity": "sha512-x+WMTFpGsflSaR6sYTo7szU9iHd+XQu1jaoO8svTdGPZ1YGK+rYDKGZ727GSGh0mANHxS2oB0dvdh3JxTODa3w==",
      "requires": {
        "nan": "^2.12.1"
      }
    }
  }
}
