{
  "name": "language-abnf",
  "version": "1.0.0",
  "lockfileVersion": 1,
  "requires": true,
  "dependencies": {
    "nan": {
      "version": "2.12.1",
      "resolved": "https://registry.npmjs.org/nan/-/nan-2.12.1.tgz",
      "integrity": "sha512-JY7V6lRkStKcKTvHO5NVSQRv+RV+FIL5pvDoLiAtSL9pKlC5x9PKQcZDsq7m4FO4d57mkhC6Z+QhAh3Jdk5JFw=="
    },
    "tree-sitter-abnf": {
      "version": "1.0.0",
      "resolved": "https://registry.npmjs.org/tree-sitter-abnf/-/tree-sitter-abnf-1.0.0.tgz",
      "integrity": "sha512-OWCX9brTr/hJiw9aBsSOMLfGOH2NWJjH5K10WW7D4QLbXRjsp1fIqwCh27NvE0pNKvsXev9dzGPfhTswP4H42g==",
      "requires": {
        "nan": "^2.12.1"
      }
    }
  }
}
